lockfileVersion: 5.4

specifiers:
  '@rush-temp/rush-test-my-controls': file:./projects/rush-test-my-controls.tgz
  '@rush-temp/rush-test-my-toolchain': file:./projects/rush-test-my-toolchain.tgz
  '@rush-temp/rush-test-package': file:./projects/rush-test-package.tgz

dependencies:
  '@rush-temp/rush-test-my-controls': file:projects/rush-test-my-controls.tgz
  '@rush-temp/rush-test-my-toolchain': file:projects/rush-test-my-toolchain.tgz
  '@rush-temp/rush-test-package': file:projects/rush-test-package.tgz

packages:

  file:projects/rush-test-my-controls.tgz:
    resolution: {integrity: sha512-rD9c2PCbIlI6LVOsPQzmBrgSka0WR1IRenXQGdAGT5DXP3scHggJ82AxOIB1L0XRIiXdwpTpRe+NwNy3WMIgpw==, tarball: file:projects/rush-test-my-controls.tgz}
    name: '@rush-temp/rush-test-my-controls'
    version: 0.0.0
    dev: false

  file:projects/rush-test-my-toolchain.tgz:
    resolution: {integrity: sha512-Aa+UdlQqzlRCh5D+hFDyNwG09t/ak7QM388HQwQPklIam8LgIPdW8ezq6VSkvN+AmU9Mo76oJx1pPWV2YL+gLQ==, tarball: file:projects/rush-test-my-toolchain.tgz}
    name: '@rush-temp/rush-test-my-toolchain'
    version: 0.0.0
    dev: false

  file:projects/rush-test-package.tgz:
    resolution: {integrity: sha512-CmGxf6xa2B1RAGm4Oj1ZxgwdeeiQL8de0iS0j/q9llx/VZ1xqmNfmEo7t+cRPDlJ6UxkXR75Xja1cErhxDN53g==, tarball: file:projects/rush-test-package.tgz}
    name: '@rush-temp/rush-test-package'
    version: 0.0.0
    dev: false
